github.com/btcsuite/golangcrypto v0.0.0-20150304025918-53f62d9b43e8 h1:nOsAWScwueMVk/VLm/dvQQD7DuanyvAUb6B3P3eT274=
github.com/btcsuite/golangcrypto v0.0.0-20150304025918-53f62d9b43e8/go.mod h1:tYvUd8KLhm/oXvUeSEs2VlLghFjQt9+ZaF9ghH0JNjc=
github.com/decred/dcrd/crypto/blake256 v1.1.0 h1:zPMNGQCm0g4QTY27fOCorQW7EryeQ/U0x++OzVrdms8=
github.com/decred/dcrd/crypto/blake256 v1.1.0/go.mod h1:2OfgNZ5wDpcsFmHmCK5gZTPcCXqlm2ArzUIkw9czNJo=
github.com/decred/dcrd/dcrec/secp256k1/v4 v4.3.0 h1:rpfIENRNNilwHwZeG5+P150SMrnNEcHYvcCuK6dPZSg=
github.com/decred/dcrd/dcrec/secp256k1/v4 v4.3.0/go.mod h1:v57UDF4pDQJcEfFUCRop3lJL149eHGSe9Jvczhzjo/0=
github.com/dogeorg/doge v0.0.12 h1:Uj28ZL8wZxf7EiWyHu2czHzi6vWCzCCOdv75HTjbH2k=
github.com/dogeorg/doge v0.0.12/go.mod h1:Q9/0XChJ8EA54OrhjkWm+ySEm0zZ5M7C38do/ZCnZuY=
github.com/lib/pq v1.10.9 h1:YXG7RB+JIjhP29X+OtkiDnYaXQwpS4JEWq7dtCCRUEw=
github.com/lib/pq v1.10.9/go.mod h1:AlVN5x4E4T544tWzH6hKfbfQvm3HdbOxrmggDNAPY9o=
github.com/mr-tron/base58 v1.2.0 h1:T/HDJBh4ZCPbU39/+c3rRvE0uKBQlU27+QI8LJ4t64o=
github.com/mr-tron/base58 v1.2.0/go.mod h1:BinMc/sQntlIE1frQmRFPUoPA1Zkr8VRgBdjWI2mNwc=
github.com/pebbe/zmq4 v1.2.9 h1:JlHcdgq6zpppNR1tH0wXJq0XK03pRUc4lBlHTD7aj/4=
github.com/pebbe/zmq4 v1.2.9/go.mod h1:nqnPueOapVhE2wItZ0uOErngczsJdLOGkebMxaO8r48=
